
Microsoft Visual Studio Solution File, Format Version 12.00
# Visual Studio Version 17
VisualStudioVersion = 17.13.35806.99 d17.13
MinimumVisualStudioVersion = 10.0.40219.1
Project("{54A90642-561A-4BB1-A94E-469ADEE60C69}") = "addressbook.client", "addressbook.client\addressbook.client.esproj", "{8B708E6C-E2CB-5ABC-970E-9C0B2DC94D37}"
EndProject
Project("{FAE04EC0-301F-11D3-BF4B-00C04F79EFBC}") = "AddressBook.Server", "AddressBook.Server\AddressBook.Server.csproj", "{301ABCE7-CD46-445D-9573-423658FBCD73}"
EndProject
Global
	GlobalSection(SolutionConfigurationPlatforms) = preSolution
		Debug|Any CPU = Debug|Any CPU
		Release|Any CPU = Release|Any CPU
	EndGlobalSection
	GlobalSection(ProjectConfigurationPlatforms) = postSolution
		{8B708E6C-E2CB-5ABC-970E-9C0B2DC94D37}.Debug|Any CPU.ActiveCfg = Debug|Any CPU
		{8B708E6C-E2CB-5ABC-970E-9C0B2DC94D37}.Debug|Any CPU.Build.0 = Debug|Any CPU
		{8B708E6C-E2CB-5ABC-970E-9C0B2DC94D37}.Debug|Any CPU.Deploy.0 = Debug|Any CPU
		{8B708E6C-E2CB-5ABC-970E-9C0B2DC94D37}.Release|Any CPU.ActiveCfg = Release|Any CPU
		{8B708E6C-E2CB-5ABC-970E-9C0B2DC94D37}.Release|Any CPU.Build.0 = Release|Any CPU
		{8B708E6C-E2CB-5ABC-970E-9C0B2DC94D37}.Release|Any CPU.Deploy.0 = Release|Any CPU
		{301ABCE7-CD46-445D-9573-423658FBCD73}.Debug|Any CPU.ActiveCfg = Debug|Any CPU
		{301ABCE7-CD46-445D-9573-423658FBCD73}.Debug|Any CPU.Build.0 = Debug|Any CPU
		{301ABCE7-CD46-445D-9573-423658FBCD73}.Release|Any CPU.ActiveCfg = Release|Any CPU
		{301ABCE7-CD46-445D-9573-423658FBCD73}.Release|Any CPU.Build.0 = Release|Any CPU
	EndGlobalSection
	GlobalSection(SolutionProperties) = preSolution
		HideSolutionNode = FALSE
	EndGlobalSection
	GlobalSection(ExtensibilityGlobals) = postSolution
		SolutionGuid = {6895D095-C29B-4028-8E0A-F6AD1E903F6D}
	EndGlobalSection
EndGlobal
